
Microsoft Visual Studio Solution File, Format Version 12.00
# Visual Studio Version 17
VisualStudioVersion = 17.13.35825.156 d17.13
MinimumVisualStudioVersion = 10.0.40219.1
Project("{FAE04EC0-301F-11D3-BF4B-00C04F79EFBC}") = "ConsoleMiniGame", "ConsoleMiniGame.csproj", "{7D2D3C46-DBDA-4FA3-A132-8AFF84ABC853}"
EndProject
Global
	GlobalSection(SolutionConfigurationPlatforms) = preSolution
		Debug|Any CPU = Debug|Any CPU
		Release|Any CPU = Release|Any CPU
	EndGlobalSection
	GlobalSection(ProjectConfigurationPlatforms) = postSolution
		{7D2D3C46-DBDA-4FA3-A132-8AFF84ABC853}.Debug|Any CPU.ActiveCfg = Debug|Any CPU
		{7D2D3C46-DBDA-4FA3-A132-8AFF84ABC853}.Debug|Any CPU.Build.0 = Debug|Any CPU
		{7D2D3C46-DBDA-4FA3-A132-8AFF84ABC853}.Release|Any CPU.ActiveCfg = Release|Any CPU
		{7D2D3C46-DBDA-4FA3-A132-8AFF84ABC853}.Release|Any CPU.Build.0 = Release|Any CPU
	EndGlobalSection
	GlobalSection(SolutionProperties) = preSolution
		HideSolutionNode = FALSE
	EndGlobalSection
	GlobalSection(ExtensibilityGlobals) = postSolution
		SolutionGuid = {AFC31C0D-D569-463B-B139-38CE41C60ACC}
	EndGlobalSection
EndGlobal
